{
  "lockfileVersion": 1,
  "workspaces": {
    "": {
      "name": "@cap.js/solver",
      "dependencies": {
        "@cap.js/wasm": "^0.0.4",
      },
    },
  },
  "packages": {
    "@cap.js/wasm": ["@cap.js/wasm@0.0.4", "", {}, "sha512-x0BGwKzPONYWKZWgBzb97hJ7dVchTPkNjjD9PTAIPgcE8d7y+dXz+KXeODzKv7Qpt6VVNXXx+h+eDkSK7f8JJg=="],
  }
}
